
Microsoft Visual Studio Solution File, Format Version 12.00
# Visual Studio 15
VisualStudioVersion = 15.0.28307.1062
MinimumVisualStudioVersion = 10.0.40219.1
Project("{FAE04EC0-301F-11D3-BF4B-00C04F79EFBC}") = "maze", "maze\maze.csproj", "{0FE27AC4-2646-4316-B470-1E7FBEE8A6A4}"
EndProject
Global
	GlobalSection(SolutionConfigurationPlatforms) = preSolution
		Debug|Any CPU = Debug|Any CPU
		Release|Any CPU = Release|Any CPU
	EndGlobalSection
	GlobalSection(ProjectConfigurationPlatforms) = postSolution
		{0FE27AC4-2646-4316-B470-1E7FBEE8A6A4}.Debug|Any CPU.ActiveCfg = Debug|Any CPU
		{0FE27AC4-2646-4316-B470-1E7FBEE8A6A4}.Debug|Any CPU.Build.0 = Debug|Any CPU
		{0FE27AC4-2646-4316-B470-1E7FBEE8A6A4}.Release|Any CPU.ActiveCfg = Release|Any CPU
		{0FE27AC4-2646-4316-B470-1E7FBEE8A6A4}.Release|Any CPU.Build.0 = Release|Any CPU
	EndGlobalSection
	GlobalSection(SolutionProperties) = preSolution
		HideSolutionNode = FALSE
	EndGlobalSection
	GlobalSection(ExtensibilityGlobals) = postSolution
		SolutionGuid = {09E667EB-6C81-45A0-B9C4-09BB92E04048}
	EndGlobalSection
EndGlobal
